// !$*UTF8*$!
{
	archiveVersion = 1;
	classes = {
	};
	objectVersion = 46;
	objects = {

/* Begin PBXBuildFile section */
		FA0FE3A91F58059F002B84D7 /* AppDelegate.swift in Sources */ = {isa = PBXBuildFile; fileRef = FA0FE3A81F58059F002B84D7 /* AppDelegate.swift */; };
		FA0FE3AE1F58059F002B84D7 /* Main.storyboard in Resources */ = {isa = PBXBuildFile; fileRef = FA0FE3AC1F58059F002B84D7 /* Main.storyboard */; };
		FA0FE3B11F58059F002B84D7 /* InfinityTracker.xcdatamodeld in Sources */ = {isa = PBXBuildFile; fileRef = FA0FE3AF1F58059F002B84D7 /* InfinityTracker.xcdatamodeld */; };
		FA0FE3B31F58059F002B84D7 /* Assets.xcassets in Resources */ = {isa = PBXBuildFile; fileRef = FA0FE3B21F58059F002B84D7 /* Assets.xcassets */; };
		FA0FE3B61F58059F002B84D7 /* LaunchScreen.storyboard in Resources */ = {isa = PBXBuildFile; fileRef = FA0FE3B41F58059F002B84D7 /* LaunchScreen.storyboard */; };
		FA0FE3C71F58066F002B84D7 /* CurvedView.swift in Sources */ = {isa = PBXBuildFile; fileRef = FA0FE3C61F58066F002B84D7 /* CurvedView.swift */; };
		FA0FE3C91F580677002B84D7 /* EmptyStateView.swift in Sources */ = {isa = PBXBuildFile; fileRef = FA0FE3C81F580677002B84D7 /* EmptyStateView.swift */; };
		FA0FE3CB1F58069B002B84D7 /* Colors.swift in Sources */ = {isa = PBXBuildFile; fileRef = FA0FE3CA1F58069B002B84D7 /* Colors.swift */; };
		FA0FE3CD1F5806AC002B84D7 /* Fonts.swift in Sources */ = {isa = PBXBuildFile; fileRef = FA0FE3CC1F5806AC002B84D7 /* Fonts.swift */; };
		FA0FE3CF1F5806B7002B84D7 /* Images.swift in Sources */ = {isa = PBXBuildFile; fileRef = FA0FE3CE1F5806B7002B84D7 /* Images.swift */; };
		FA0FE3D11F5806E8002B84D7 /* NewRunController.swift in Sources */ = {isa = PBXBuildFile; fileRef = FA0FE3D01F5806E8002B84D7 /* NewRunController.swift */; };
		FA0FE3D31F580713002B84D7 /* RunDetailController.swift in Sources */ = {isa = PBXBuildFile; fileRef = FA0FE3D21F580713002B84D7 /* RunDetailController.swift */; };
		FA0FE3D51F580743002B84D7 /* HomeController.swift in Sources */ = {isa = PBXBuildFile; fileRef = FA0FE3D41F580742002B84D7 /* HomeController.swift */; };
		FA0FE3D71F580763002B84D7 /* PastRunsListController.swift in Sources */ = {isa = PBXBuildFile; fileRef = FA0FE3D61F580763002B84D7 /* PastRunsListController.swift */; };
		FA0FE3D91F580787002B84D7 /* PastRunDetailController.swift in Sources */ = {isa = PBXBuildFile; fileRef = FA0FE3D81F580787002B84D7 /* PastRunDetailController.swift */; };
		FA0FE3DB1F5807A2002B84D7 /* Double+Helper.swift in Sources */ = {isa = PBXBuildFile; fileRef = FA0FE3DA1F5807A2002B84D7 /* Double+Helper.swift */; };
		FA0FE3DD1F5807AB002B84D7 /* Date+Helper.swift in Sources */ = {isa = PBXBuildFile; fileRef = FA0FE3DC1F5807AB002B84D7 /* Date+Helper.swift */; };
		FA0FE3E11F5807B9002B84D7 /* Int+Helper.swift in Sources */ = {isa = PBXBuildFile; fileRef = FA0FE3E01F5807B9002B84D7 /* Int+Helper.swift */; };
		FA0FE3E31F5807C1002B84D7 /* UIColor+Helper.swift in Sources */ = {isa = PBXBuildFile; fileRef = FA0FE3E21F5807C1002B84D7 /* UIColor+Helper.swift */; };
		FA0FE3E61F5807F9002B84D7 /* GradientButton.swift in Sources */ = {isa = PBXBuildFile; fileRef = FA0FE3E51F5807F9002B84D7 /* GradientButton.swift */; };
		FA0FE3F01F5808D3002B84D7 /* Protocols.swift in Sources */ = {isa = PBXBuildFile; fileRef = FA0FE3EF1F5808D3002B84D7 /* Protocols.swift */; };
		FA3F0A131F5809A100DCA109 /* RunsList.storyboard in Resources */ = {isa = PBXBuildFile; fileRef = FA3F0A121F5809A100DCA109 /* RunsList.storyboard */; };
		FA3F0A151F5809E500DCA109 /* RunSummary.storyboard in Resources */ = {isa = PBXBuildFile; fileRef = FA3F0A141F5809E500DCA109 /* RunSummary.storyboard */; };
		FA3F0A171F580A0300DCA109 /* NewRun.storyboard in Resources */ = {isa = PBXBuildFile; fileRef = FA3F0A161F580A0300DCA109 /* NewRun.storyboard */; };
		FA3F0A1A1F580E9000DCA109 /* RunTableCell.swift in Sources */ = {isa = PBXBuildFile; fileRef = FA3F0A181F580E9000DCA109 /* RunTableCell.swift */; };
		FA3F0A1B1F580E9000DCA109 /* RunTableCell.xib in Resources */ = {isa = PBXBuildFile; fileRef = FA3F0A191F580E9000DCA109 /* RunTableCell.xib */; };
		FA3F0A1D1F58192F00DCA109 /* Counter+Helper.swift in Sources */ = {isa = PBXBuildFile; fileRef = FA3F0A1C1F58192F00DCA109 /* Counter+Helper.swift */; };
		FA3F0A1F1F58195000DCA109 /* CoreDataManager.swift in Sources */ = {isa = PBXBuildFile; fileRef = FA3F0A1E1F58195000DCA109 /* CoreDataManager.swift */; };
/* End PBXBuildFile section */

/* Begin PBXFileReference section */
		FA0FE3A51F58059F002B84D7 /* InfinityTracker.app */ = {isa = PBXFileReference; explicitFileType = wrapper.application; includeInIndex = 0; path = InfinityTracker.app; sourceTree = BUILT_PRODUCTS_DIR; };
		FA0FE3A81F58059F002B84D7 /* AppDelegate.swift */ = {isa = PBXFileReference; lastKnownFileType = sourcecode.swift; path = AppDelegate.swift; sourceTree = "<group>"; };
		FA0FE3AD1F58059F002B84D7 /* Base */ = {isa = PBXFileReference; lastKnownFileType = file.storyboard; name = Base; path = Base.lproj/Main.storyboard; sourceTree = "<group>"; };
		FA0FE3B01F58059F002B84D7 /* InfinityTracker.xcdatamodel */ = {isa = PBXFileReference; lastKnownFileType = wrapper.xcdatamodel; path = InfinityTracker.xcdatamodel; sourceTree = "<group>"; };
		FA0FE3B21F58059F002B84D7 /* Assets.xcassets */ = {isa = PBXFileReference; lastKnownFileType = folder.assetcatalog; path = Assets.xcassets; sourceTree = "<group>"; };
		FA0FE3B51F58059F002B84D7 /* Base */ = {isa = PBXFileReference; lastKnownFileType = file.storyboard; name = Base; path = Base.lproj/LaunchScreen.storyboard; sourceTree = "<group>"; };
		FA0FE3B71F58059F002B84D7 /* Info.plist */ = {isa = PBXFileReference; lastKnownFileType = text.plist.xml; path = Info.plist; sourceTree = "<group>"; };
		FA0FE3C61F58066F002B84D7 /* CurvedView.swift */ = {isa = PBXFileReference; fileEncoding = 4; lastKnownFileType = sourcecode.swift; path = CurvedView.swift; sourceTree = "<group>"; };
		FA0FE3C81F580677002B84D7 /* EmptyStateView.swift */ = {isa = PBXFileReference; fileEncoding = 4; lastKnownFileType = sourcecode.swift; path = EmptyStateView.swift; sourceTree = "<group>"; };
		FA0FE3CA1F58069B002B84D7 /* Colors.swift */ = {isa = PBXFileReference; fileEncoding = 4; lastKnownFileType = sourcecode.swift; path = Colors.swift; sourceTree = "<group>"; };
		FA0FE3CC1F5806AC002B84D7 /* Fonts.swift */ = {isa = PBXFileReference; fileEncoding = 4; lastKnownFileType = sourcecode.swift; path = Fonts.swift; sourceTree = "<group>"; };
		FA0FE3CE1F5806B7002B84D7 /* Images.swift */ = {isa = PBXFileReference; fileEncoding = 4; lastKnownFileType = sourcecode.swift; path = Images.swift; sourceTree = "<group>"; };
		FA0FE3D01F5806E8002B84D7 /* NewRunController.swift */ = {isa = PBXFileReference; fileEncoding = 4; lastKnownFileType = sourcecode.swift; lineEnding = 0; path = NewRunController.swift; sourceTree = "<group>"; xcLanguageSpecificationIdentifier = xcode.lang.swift; };
		FA0FE3D21F580713002B84D7 /* RunDetailController.swift */ = {isa = PBXFileReference; fileEncoding = 4; lastKnownFileType = sourcecode.swift; path = RunDetailController.swift; sourceTree = "<group>"; };
		FA0FE3D41F580742002B84D7 /* HomeController.swift */ = {isa = PBXFileReference; fileEncoding = 4; lastKnownFileType = sourcecode.swift; path = HomeController.swift; sourceTree = "<group>"; };
		FA0FE3D61F580763002B84D7 /* PastRunsListController.swift */ = {isa = PBXFileReference; fileEncoding = 4; lastKnownFileType = sourcecode.swift; lineEnding = 0; path = PastRunsListController.swift; sourceTree = "<group>"; xcLanguageSpecificationIdentifier = xcode.lang.swift; };
		FA0FE3D81F580787002B84D7 /* PastRunDetailController.swift */ = {isa = PBXFileReference; fileEncoding = 4; lastKnownFileType = sourcecode.swift; lineEnding = 0; path = PastRunDetailController.swift; sourceTree = "<group>"; xcLanguageSpecificationIdentifier = xcode.lang.swift; };
		FA0FE3DA1F5807A2002B84D7 /* Double+Helper.swift */ = {isa = PBXFileReference; fileEncoding = 4; lastKnownFileType = sourcecode.swift; path = "Double+Helper.swift"; sourceTree = "<group>"; };
		FA0FE3DC1F5807AB002B84D7 /* Date+Helper.swift */ = {isa = PBXFileReference; fileEncoding = 4; lastKnownFileType = sourcecode.swift; name = "Date+Helper.swift"; path = "/Users/alex/Desktop/InfinityTracker/InfinityTracker/Date+Helper.swift"; sourceTree = "<absolute>"; };
		FA0FE3E01F5807B9002B84D7 /* Int+Helper.swift */ = {isa = PBXFileReference; fileEncoding = 4; lastKnownFileType = sourcecode.swift; name = "Int+Helper.swift"; path = "/Users/alex/Desktop/InfinityTracker/InfinityTracker/Int+Helper.swift"; sourceTree = "<absolute>"; };
		FA0FE3E21F5807C1002B84D7 /* UIColor+Helper.swift */ = {isa = PBXFileReference; fileEncoding = 4; lastKnownFileType = sourcecode.swift; path = "UIColor+Helper.swift"; sourceTree = "<group>"; };
		FA0FE3E51F5807F9002B84D7 /* GradientButton.swift */ = {isa = PBXFileReference; fileEncoding = 4; lastKnownFileType = sourcecode.swift; path = GradientButton.swift; sourceTree = "<group>"; };
		FA0FE3EF1F5808D3002B84D7 /* Protocols.swift */ = {isa = PBXFileReference; fileEncoding = 4; lastKnownFileType = sourcecode.swift; path = Protocols.swift; sourceTree = "<group>"; };
		FA3F0A121F5809A100DCA109 /* RunsList.storyboard */ = {isa = PBXFileReference; fileEncoding = 4; lastKnownFileType = file.storyboard; path = RunsList.storyboard; sourceTree = "<group>"; };
		FA3F0A141F5809E500DCA109 /* RunSummary.storyboard */ = {isa = PBXFileReference; fileEncoding = 4; lastKnownFileType = file.storyboard; path = RunSummary.storyboard; sourceTree = "<group>"; };
		FA3F0A161F580A0300DCA109 /* NewRun.storyboard */ = {isa = PBXFileReference; fileEncoding = 4; lastKnownFileType = file.storyboard; path = NewRun.storyboard; sourceTree = "<group>"; };
		FA3F0A181F580E9000DCA109 /* RunTableCell.swift */ = {isa = PBXFileReference; fileEncoding = 4; lastKnownFileType = sourcecode.swift; path = RunTableCell.swift; sourceTree = "<group>"; };
		FA3F0A191F580E9000DCA109 /* RunTableCell.xib */ = {isa = PBXFileReference; fileEncoding = 4; lastKnownFileType = file.xib; path = RunTableCell.xib; sourceTree = "<group>"; };
		FA3F0A1C1F58192F00DCA109 /* Counter+Helper.swift */ = {isa = PBXFileReference; fileEncoding = 4; lastKnownFileType = sourcecode.swift; path = "Counter+Helper.swift"; sourceTree = "<group>"; };
		FA3F0A1E1F58195000DCA109 /* CoreDataManager.swift */ = {isa = PBXFileReference; fileEncoding = 4; lastKnownFileType = sourcecode.swift; path = CoreDataManager.swift; sourceTree = "<group>"; };
/* End PBXFileReference section */

/* Begin PBXFrameworksBuildPhase section */
		FA0FE3A21F58059F002B84D7 /* Frameworks */ = {
			isa = PBXFrameworksBuildPhase;
			buildActionMask = 2147483647;
			files = (
			);
			runOnlyForDeploymentPostprocessing = 0;
		};
/* End PBXFrameworksBuildPhase section */

/* Begin PBXGroup section */
		FA0FE39C1F58059E002B84D7 = {
			isa = PBXGroup;
			children = (
				FA0FE3A71F58059F002B84D7 /* InfinityTracker */,
				FA0FE3A61F58059F002B84D7 /* Products */,
			);
			sourceTree = "<group>";
		};
		FA0FE3A61F58059F002B84D7 /* Products */ = {
			isa = PBXGroup;
			children = (
				FA0FE3A51F58059F002B84D7 /* InfinityTracker.app */,
			);
			name = Products;
			sourceTree = "<group>";
		};
		FA0FE3A71F58059F002B84D7 /* InfinityTracker */ = {
			isa = PBXGroup;
			children = (
				FA0FE3A81F58059F002B84D7 /* AppDelegate.swift */,
				FA0FE3EE1F5808C5002B84D7 /* Protocols */,
				FA0FE3C31F5805FC002B84D7 /* Helpers */,
				FA0FE3C01F5805DB002B84D7 /* CoreData */,
				FA0FE3BF1F5805D5002B84D7 /* Constants */,
				FA0FE3BE1F5805C1002B84D7 /* Controllers */,
				FA0FE3BD1F5805B1002B84D7 /* Views */,
				FA0FE3C21F5805F4002B84D7 /* Ressources */,
			);
			path = InfinityTracker;
			sourceTree = "<group>";
		};
		FA0FE3BD1F5805B1002B84D7 /* Views */ = {
			isa = PBXGroup;
			children = (
				FA0FE3E91F58081D002B84D7 /* UITableViewCells */,
				FA0FE3E41F5807EE002B84D7 /* UIButtons */,
				FA0FE3E81F580811002B84D7 /* Storyboards */,
				FA0FE3E71F580809002B84D7 /* UIViews */,
			);
			name = Views;
			sourceTree = "<group>";
		};
		FA0FE3BE1F5805C1002B84D7 /* Controllers */ = {
			isa = PBXGroup;
			children = (
				FA0FE3D01F5806E8002B84D7 /* NewRunController.swift */,
				FA0FE3D81F580787002B84D7 /* PastRunDetailController.swift */,
				FA0FE3D41F580742002B84D7 /* HomeController.swift */,
				FA0FE3D61F580763002B84D7 /* PastRunsListController.swift */,
				FA0FE3D21F580713002B84D7 /* RunDetailController.swift */,
			);
			name = Controllers;
			sourceTree = "<group>";
		};
		FA0FE3BF1F5805D5002B84D7 /* Constants */ = {
			isa = PBXGroup;
			children = (
				FA0FE3CA1F58069B002B84D7 /* Colors.swift */,
				FA0FE3CE1F5806B7002B84D7 /* Images.swift */,
				FA0FE3CC1F5806AC002B84D7 /* Fonts.swift */,
			);
			name = Constants;
			sourceTree = "<group>";
		};
		FA0FE3C01F5805DB002B84D7 /* CoreData */ = {
			isa = PBXGroup;
			children = (
				FA0FE3AF1F58059F002B84D7 /* InfinityTracker.xcdatamodeld */,
				FA3F0A1E1F58195000DCA109 /* CoreDataManager.swift */,
			);
			name = CoreData;
			sourceTree = "<group>";
		};
		FA0FE3C21F5805F4002B84D7 /* Ressources */ = {
			isa = PBXGroup;
			children = (
				FA0FE3B21F58059F002B84D7 /* Assets.xcassets */,
				FA0FE3B71F58059F002B84D7 /* Info.plist */,
			);
			name = Ressources;
			sourceTree = "<group>";
		};
		FA0FE3C31F5805FC002B84D7 /* Helpers */ = {
			isa = PBXGroup;
			children = (
				FA0FE3DA1F5807A2002B84D7 /* Double+Helper.swift */,
				FA0FE3E21F5807C1002B84D7 /* UIColor+Helper.swift */,
				FA3F0A1C1F58192F00DCA109 /* Counter+Helper.swift */,
				FA0FE3E01F5807B9002B84D7 /* Int+Helper.swift */,
				FA0FE3DC1F5807AB002B84D7 /* Date+Helper.swift */,
			);
			name = Helpers;
			sourceTree = "<group>";
		};
		FA0FE3E41F5807EE002B84D7 /* UIButtons */ = {
			isa = PBXGroup;
			children = (
				FA0FE3E51F5807F9002B84D7 /* GradientButton.swift */,
			);
			name = UIButtons;
			sourceTree = "<group>";
		};
		FA0FE3E71F580809002B84D7 /* UIViews */ = {
			isa = PBXGroup;
			children = (
				FA0FE3C81F580677002B84D7 /* EmptyStateView.swift */,
				FA0FE3C61F58066F002B84D7 /* CurvedView.swift */,
			);
			name = UIViews;
			sourceTree = "<group>";
		};
		FA0FE3E81F580811002B84D7 /* Storyboards */ = {
			isa = PBXGroup;
			children = (
				FA0FE3AC1F58059F002B84D7 /* Main.storyboard */,
				FA3F0A141F5809E500DCA109 /* RunSummary.storyboard */,
				FA3F0A161F580A0300DCA109 /* NewRun.storyboard */,
				FA0FE3B41F58059F002B84D7 /* LaunchScreen.storyboard */,
				FA3F0A121F5809A100DCA109 /* RunsList.storyboard */,
			);
			name = Storyboards;
			sourceTree = "<group>";
		};
		FA0FE3E91F58081D002B84D7 /* UITableViewCells */ = {
			isa = PBXGroup;
			children = (
				FA3F0A181F580E9000DCA109 /* RunTableCell.swift */,
				FA3F0A191F580E9000DCA109 /* RunTableCell.xib */,
			);
			name = UITableViewCells;
			sourceTree = "<group>";
		};
		FA0FE3EE1F5808C5002B84D7 /* Protocols */ = {
			isa = PBXGroup;
			children = (
				FA0FE3EF1F5808D3002B84D7 /* Protocols.swift */,
			);
			name = Protocols;
			sourceTree = "<group>";
		};
/* End PBXGroup section */

/* Begin PBXNativeTarget section */
		FA0FE3A41F58059F002B84D7 /* InfinityTracker */ = {
			isa = PBXNativeTarget;
			buildConfigurationList = FA0FE3BA1F58059F002B84D7 /* Build configuration list for PBXNativeTarget "InfinityTracker" */;
			buildPhases = (
				FA0FE3A11F58059F002B84D7 /* Sources */,
				FA0FE3A21F58059F002B84D7 /* Frameworks */,
				FA0FE3A31F58059F002B84D7 /* Resources */,
			);
			buildRules = (
			);
			dependencies = (
			);
			name = InfinityTracker;
			productName = InfinityTracker;
			productReference = FA0FE3A51F58059F002B84D7 /* InfinityTracker.app */;
			productType = "com.apple.product-type.application";
		};
/* End PBXNativeTarget section */

/* Begin PBXProject section */
		FA0FE39D1F58059E002B84D7 /* Project object */ = {
			isa = PBXProject;
			attributes = {
				LastSwiftUpdateCheck = 0830;
				LastUpgradeCheck = 0830;
				ORGANIZATIONNAME = AleksZilla;
				TargetAttributes = {
					FA0FE3A41F58059F002B84D7 = {
						CreatedOnToolsVersion = 8.3.3;
						DevelopmentTeam = 7N7S5BN8LJ;
						ProvisioningStyle = Automatic;
						SystemCapabilities = {
							com.apple.BackgroundModes = {
								enabled = 1;
							};
						};
					};
				};
			};
			buildConfigurationList = FA0FE3A01F58059E002B84D7 /* Build configuration list for PBXProject "InfinityTracker" */;
			compatibilityVersion = "Xcode 3.2";
			developmentRegion = English;
			hasScannedForEncodings = 0;
			knownRegions = (
				en,
				Base,
			);
			mainGroup = FA0FE39C1F58059E002B84D7;
			productRefGroup = FA0FE3A61F58059F002B84D7 /* Products */;
			projectDirPath = "";
			projectRoot = "";
			targets = (
				FA0FE3A41F58059F002B84D7 /* InfinityTracker */,
			);
		};
/* End PBXProject section */

/* Begin PBXResourcesBuildPhase section */
		FA0FE3A31F58059F002B84D7 /* Resources */ = {
			isa = PBXResourcesBuildPhase;
			buildActionMask = 2147483647;
			files = (
				FA0FE3B61F58059F002B84D7 /* LaunchScreen.storyboard in Resources */,
				FA3F0A151F5809E500DCA109 /* RunSummary.storyboard in Resources */,
				FA3F0A1B1F580E9000DCA109 /* RunTableCell.xib in Resources */,
				FA0FE3B31F58059F002B84D7 /* Assets.xcassets in Resources */,
				FA3F0A131F5809A100DCA109 /* RunsList.storyboard in Resources */,
				FA0FE3AE1F58059F002B84D7 /* Main.storyboard in Resources */,
				FA3F0A171F580A0300DCA109 /* NewRun.storyboard in Resources */,
			);
			runOnlyForDeploymentPostprocessing = 0;
		};
/* End PBXResourcesBuildPhase section */

/* Begin PBXSourcesBuildPhase section */
		FA0FE3A11F58059F002B84D7 /* Sources */ = {
			isa = PBXSourcesBuildPhase;
			buildActionMask = 2147483647;
			files = (
				FA0FE3D71F580763002B84D7 /* PastRunsListController.swift in Sources */,
				FA0FE3D11F5806E8002B84D7 /* NewRunController.swift in Sources */,
				FA0FE3D91F580787002B84D7 /* PastRunDetailController.swift in Sources */,
				FA3F0A1A1F580E9000DCA109 /* RunTableCell.swift in Sources */,
				FA0FE3F01F5808D3002B84D7 /* Protocols.swift in Sources */,
				FA0FE3CD1F5806AC002B84D7 /* Fonts.swift in Sources */,
				FA3F0A1D1F58192F00DCA109 /* Counter+Helper.swift in Sources */,
				FA0FE3DB1F5807A2002B84D7 /* Double+Helper.swift in Sources */,
				FA0FE3E61F5807F9002B84D7 /* GradientButton.swift in Sources */,
				FA0FE3DD1F5807AB002B84D7 /* Date+Helper.swift in Sources */,
				FA0FE3C91F580677002B84D7 /* EmptyStateView.swift in Sources */,
				FA0FE3E31F5807C1002B84D7 /* UIColor+Helper.swift in Sources */,
				FA3F0A1F1F58195000DCA109 /* CoreDataManager.swift in Sources */,
				FA0FE3B11F58059F002B84D7 /* InfinityTracker.xcdatamodeld in Sources */,
				FA0FE3CF1F5806B7002B84D7 /* Images.swift in Sources */,
				FA0FE3D31F580713002B84D7 /* RunDetailController.swift in Sources */,
				FA0FE3CB1F58069B002B84D7 /* Colors.swift in Sources */,
				FA0FE3D51F580743002B84D7 /* HomeController.swift in Sources */,
				FA0FE3A91F58059F002B84D7 /* AppDelegate.swift in Sources */,
				FA0FE3C71F58066F002B84D7 /* CurvedView.swift in Sources */,
				FA0FE3E11F5807B9002B84D7 /* Int+Helper.swift in Sources */,
			);
			runOnlyForDeploymentPostprocessing = 0;
		};
/* End PBXSourcesBuildPhase section */

/* Begin PBXVariantGroup section */
		FA0FE3AC1F58059F002B84D7 /* Main.storyboard */ = {
			isa = PBXVariantGroup;
			children = (
				FA0FE3AD1F58059F002B84D7 /* Base */,
			);
			name = Main.storyboard;
			sourceTree = "<group>";
		};
		FA0FE3B41F58059F002B84D7 /* LaunchScreen.storyboard */ = {
			isa = PBXVariantGroup;
			children = (
				FA0FE3B51F58059F002B84D7 /* Base */,
			);
			name = LaunchScreen.storyboard;
			sourceTree = "<group>";
		};
/* End PBXVariantGroup section */

/* Begin XCBuildConfiguration section */
		FA0FE3B81F58059F002B84D7 /* Debug */ = {
			isa = XCBuildConfiguration;
			buildSettings = {
				ALWAYS_SEARCH_USER_PATHS = NO;
				CLANG_ANALYZER_NONNULL = YES;
				CLANG_ANALYZER_NUMBER_OBJECT_CONVERSION = YES_AGGRESSIVE;
				CLANG_CXX_LANGUAGE_STANDARD = "gnu++0x";
				CLANG_CXX_LIBRARY = "libc++";
				CLANG_ENABLE_MODULES = YES;
				CLANG_ENABLE_OBJC_ARC = YES;
				CLANG_WARN_BOOL_CONVERSION = YES;
				CLANG_WARN_CONSTANT_CONVERSION = YES;
				CLANG_WARN_DIRECT_OBJC_ISA_USAGE = YES_ERROR;
				CLANG_WARN_DOCUMENTATION_COMMENTS = YES;
				CLANG_WARN_EMPTY_BODY = YES;
				CLANG_WARN_ENUM_CONVERSION = YES;
				CLANG_WARN_INFINITE_RECURSION = YES;
				CLANG_WARN_INT_CONVERSION = YES;
				CLANG_WARN_OBJC_ROOT_CLASS = YES_ERROR;
				CLANG_WARN_SUSPICIOUS_MOVE = YES;
				CLANG_WARN_UNREACHABLE_CODE = YES;
				CLANG_WARN__DUPLICATE_METHOD_MATCH = YES;
				"CODE_SIGN_IDENTITY[sdk=iphoneos*]" = "iPhone Developer";
				COPY_PHASE_STRIP = NO;
				DEBUG_INFORMATION_FORMAT = dwarf;
				ENABLE_STRICT_OBJC_MSGSEND = YES;
				ENABLE_TESTABILITY = YES;
				GCC_C_LANGUAGE_STANDARD = gnu99;
				GCC_DYNAMIC_NO_PIC = NO;
				GCC_NO_COMMON_BLOCKS = YES;
				GCC_OPTIMIZATION_LEVEL = 0;
				GCC_PREPROCESSOR_DEFINITIONS = (
					"DEBUG=1",
					"$(inherited)",
				);
				GCC_WARN_64_TO_32_BIT_CONVERSION = YES;
				GCC_WARN_ABOUT_RETURN_TYPE = YES_ERROR;
				GCC_WARN_UNDECLARED_SELECTOR = YES;
				GCC_WARN_UNINITIALIZED_AUTOS = YES_AGGRESSIVE;
				GCC_WARN_UNUSED_FUNCTION = YES;
				GCC_WARN_UNUSED_VARIABLE = YES;
				IPHONEOS_DEPLOYMENT_TARGET = 10.3;
				MTL_ENABLE_DEBUG_INFO = YES;
				ONLY_ACTIVE_ARCH = YES;
				SDKROOT = iphoneos;
				SWIFT_ACTIVE_COMPILATION_CONDITIONS = DEBUG;
				SWIFT_OPTIMIZATION_LEVEL = "-Onone";
			};
			name = Debug;
		};
		FA0FE3B91F58059F002B84D7 /* Release */ = {
			isa = XCBuildConfiguration;
			buildSettings = {
				ALWAYS_SEARCH_USER_PATHS = NO;
				CLANG_ANALYZER_NONNULL = YES;
				CLANG_ANALYZER_NUMBER_OBJECT_CONVERSION = YES_AGGRESSIVE;
				CLANG_CXX_LANGUAGE_STANDARD = "gnu++0x";
				CLANG_CXX_LIBRARY = "libc++";
				CLANG_ENABLE_MODULES = YES;
				CLANG_ENABLE_OBJC_ARC = YES;
				CLANG_WARN_BOOL_CONVERSION = YES;
				CLANG_WARN_CONSTANT_CONVERSION = YES;
				CLANG_WARN_DIRECT_OBJC_ISA_USAGE = YES_ERROR;
				CLANG_WARN_DOCUMENTATION_COMMENTS = YES;
				CLANG_WARN_EMPTY_BODY = YES;
				CLANG_WARN_ENUM_CONVERSION = YES;
				CLANG_WARN_INFINITE_RECURSION = YES;
				CLANG_WARN_INT_CONVERSION = YES;
				CLANG_WARN_OBJC_ROOT_CLASS = YES_ERROR;
				CLANG_WARN_SUSPICIOUS_MOVE = YES;
				CLANG_WARN_UNREACHABLE_CODE = YES;
				CLANG_WARN__DUPLICATE_METHOD_MATCH = YES;
				"CODE_SIGN_IDENTITY[sdk=iphoneos*]" = "iPhone Developer";
				COPY_PHASE_STRIP = NO;
				DEBUG_INFORMATION_FORMAT = "dwarf-with-dsym";
				ENABLE_NS_ASSERTIONS = NO;
				ENABLE_STRICT_OBJC_MSGSEND = YES;
				GCC_C_LANGUAGE_STANDARD = gnu99;
				GCC_NO_COMMON_BLOCKS = YES;
				GCC_WARN_64_TO_32_BIT_CONVERSION = YES;
				GCC_WARN_ABOUT_RETURN_TYPE = YES_ERROR;
				GCC_WARN_UNDECLARED_SELECTOR = YES;
				GCC_WARN_UNINITIALIZED_AUTOS = YES_AGGRESSIVE;
				GCC_WARN_UNUSED_FUNCTION = YES;
				GCC_WARN_UNUSED_VARIABLE = YES;
				IPHONEOS_DEPLOYMENT_TARGET = 10.3;
				MTL_ENABLE_DEBUG_INFO = NO;
				SDKROOT = iphoneos;
				SWIFT_OPTIMIZATION_LEVEL = "-Owholemodule";
				VALIDATE_PRODUCT = YES;
			};
			name = Release;
		};
		FA0FE3BB1F58059F002B84D7 /* Debug */ = {
			isa = XCBuildConfiguration;
			buildSettings = {
				ASSETCATALOG_COMPILER_APPICON_NAME = AppIcon;
				DEVELOPMENT_TEAM = 7N7S5BN8LJ;
				INFOPLIST_FILE = InfinityTracker/Info.plist;
				LD_RUNPATH_SEARCH_PATHS = "$(inherited) @executable_path/Frameworks";
				PRODUCT_BUNDLE_IDENTIFIER = com.codingvibes.InfinityTracker;
				PRODUCT_NAME = "$(TARGET_NAME)";
				SWIFT_VERSION = 3.0;
			};
			name = Debug;
		};
		FA0FE3BC1F58059F002B84D7 /* Release */ = {
			isa = XCBuildConfiguration;
			buildSettings = {
				ASSETCATALOG_COMPILER_APPICON_NAME = AppIcon;
				DEVELOPMENT_TEAM = 7N7S5BN8LJ;
				INFOPLIST_FILE = InfinityTracker/Info.plist;
				LD_RUNPATH_SEARCH_PATHS = "$(inherited) @executable_path/Frameworks";
				PRODUCT_BUNDLE_IDENTIFIER = com.codingvibes.InfinityTracker;
				PRODUCT_NAME = "$(TARGET_NAME)";
				SWIFT_VERSION = 3.0;
			};
			name = Release;
		};
/* End XCBuildConfiguration section */

/* Begin XCConfigurationList section */
		FA0FE3A01F58059E002B84D7 /* Build configuration list for PBXProject "InfinityTracker" */ = {
			isa = XCConfigurationList;
			buildConfigurations = (
				FA0FE3B81F58059F002B84D7 /* Debug */,
				FA0FE3B91F58059F002B84D7 /* Release */,
			);
			defaultConfigurationIsVisible = 0;
			defaultConfigurationName = Release;
		};
		FA0FE3BA1F58059F002B84D7 /* Build configuration list for PBXNativeTarget "InfinityTracker" */ = {
			isa = XCConfigurationList;
			buildConfigurations = (
				FA0FE3BB1F58059F002B84D7 /* Debug */,
				FA0FE3BC1F58059F002B84D7 /* Release */,
			);
			defaultConfigurationIsVisible = 0;
			defaultConfigurationName = Release;
		};
/* End XCConfigurationList section */

/* Begin XCVersionGroup section */
		FA0FE3AF1F58059F002B84D7 /* InfinityTracker.xcdatamodeld */ = {
			isa = XCVersionGroup;
			children = (
				FA0FE3B01F58059F002B84D7 /* InfinityTracker.xcdatamodel */,
			);
			currentVersion = FA0FE3B01F58059F002B84D7 /* InfinityTracker.xcdatamodel */;
			path = InfinityTracker.xcdatamodeld;
			sourceTree = "<group>";
			versionGroupType = wrapper.xcdatamodel;
		};
/* End XCVersionGroup section */
	};
	rootObject = FA0FE39D1F58059E002B84D7 /* Project object */;
}
